// !$*UTF8*$!
{
	archiveVersion = 1;
	classes = {
	};
	objectVersion = 50;
	objects = {

/* Begin PBXBuildFile section */
		5885BAE1266D495200415630 /* CleanArchRoutingApp.swift in Sources */ = {isa = PBXBuildFile; fileRef = 5885BAE0266D495200415630 /* CleanArchRoutingApp.swift */; };
		5885BAE3266D495200415630 /* ContentView.swift in Sources */ = {isa = PBXBuildFile; fileRef = 5885BAE2266D495200415630 /* ContentView.swift */; };
		5885BAE5266D495500415630 /* Assets.xcassets in Resources */ = {isa = PBXBuildFile; fileRef = 5885BAE4266D495500415630 /* Assets.xcassets */; };
		5885BAE8266D495500415630 /* Preview Assets.xcassets in Resources */ = {isa = PBXBuildFile; fileRef = 5885BAE7266D495500415630 /* Preview Assets.xcassets */; };
		5885BAF0266D496300415630 /* DIContainer.swift in Sources */ = {isa = PBXBuildFile; fileRef = 5885BAEF266D496300415630 /* DIContainer.swift */; };
		5885BAF2266D497900415630 /* AppState.swift in Sources */ = {isa = PBXBuildFile; fileRef = 5885BAF1266D497900415630 /* AppState.swift */; };
		5885BAF5266D49FA00415630 /* Store.swift in Sources */ = {isa = PBXBuildFile; fileRef = 5885BAF4266D49FA00415630 /* Store.swift */; };
		5885BAF8266D4A9D00415630 /* DetailsView.swift in Sources */ = {isa = PBXBuildFile; fileRef = 5885BAF7266D4A9D00415630 /* DetailsView.swift */; };
/* End PBXBuildFile section */

/* Begin PBXFileReference section */
		5885BADD266D495200415630 /* CleanArchRouting.app */ = {isa = PBXFileReference; explicitFileType = wrapper.application; includeInIndex = 0; path = CleanArchRouting.app; sourceTree = BUILT_PRODUCTS_DIR; };
		5885BAE0266D495200415630 /* CleanArchRoutingApp.swift */ = {isa = PBXFileReference; lastKnownFileType = sourcecode.swift; path = CleanArchRoutingApp.swift; sourceTree = "<group>"; };
		5885BAE2266D495200415630 /* ContentView.swift */ = {isa = PBXFileReference; lastKnownFileType = sourcecode.swift; path = ContentView.swift; sourceTree = "<group>"; };
		5885BAE4266D495500415630 /* Assets.xcassets */ = {isa = PBXFileReference; lastKnownFileType = folder.assetcatalog; path = Assets.xcassets; sourceTree = "<group>"; };
		5885BAE7266D495500415630 /* Preview Assets.xcassets */ = {isa = PBXFileReference; lastKnownFileType = folder.assetcatalog; path = "Preview Assets.xcassets"; sourceTree = "<group>"; };
		5885BAE9266D495500415630 /* Info.plist */ = {isa = PBXFileReference; lastKnownFileType = text.plist.xml; path = Info.plist; sourceTree = "<group>"; };
		5885BAEF266D496300415630 /* DIContainer.swift */ = {isa = PBXFileReference; lastKnownFileType = sourcecode.swift; path = DIContainer.swift; sourceTree = "<group>"; };
		5885BAF1266D497900415630 /* AppState.swift */ = {isa = PBXFileReference; lastKnownFileType = sourcecode.swift; path = AppState.swift; sourceTree = "<group>"; };
		5885BAF4266D49FA00415630 /* Store.swift */ = {isa = PBXFileReference; lastKnownFileType = sourcecode.swift; path = Store.swift; sourceTree = "<group>"; };
		5885BAF7266D4A9D00415630 /* DetailsView.swift */ = {isa = PBXFileReference; lastKnownFileType = sourcecode.swift; path = DetailsView.swift; sourceTree = "<group>"; };
/* End PBXFileReference section */

/* Begin PBXFrameworksBuildPhase section */
		5885BADA266D495200415630 /* Frameworks */ = {
			isa = PBXFrameworksBuildPhase;
			buildActionMask = 2147483647;
			files = (
			);
			runOnlyForDeploymentPostprocessing = 0;
		};
/* End PBXFrameworksBuildPhase section */

/* Begin PBXGroup section */
		5885BAD4266D495200415630 = {
			isa = PBXGroup;
			children = (
				5885BADF266D495200415630 /* CleanArchRouting */,
				5885BADE266D495200415630 /* Products */,
			);
			sourceTree = "<group>";
		};
		5885BADE266D495200415630 /* Products */ = {
			isa = PBXGroup;
			children = (
				5885BADD266D495200415630 /* CleanArchRouting.app */,
			);
			name = Products;
			sourceTree = "<group>";
		};
		5885BADF266D495200415630 /* CleanArchRouting */ = {
			isa = PBXGroup;
			children = (
				5885BAE0266D495200415630 /* CleanArchRoutingApp.swift */,
				5885BAE2266D495200415630 /* ContentView.swift */,
				5885BAF7266D4A9D00415630 /* DetailsView.swift */,
				5885BAF3266D498700415630 /* Injected */,
				5885BAE4266D495500415630 /* Assets.xcassets */,
				5885BAE9266D495500415630 /* Info.plist */,
				5885BAE6266D495500415630 /* Preview Content */,
			);
			path = CleanArchRouting;
			sourceTree = "<group>";
		};
		5885BAE6266D495500415630 /* Preview Content */ = {
			isa = PBXGroup;
			children = (
				5885BAE7266D495500415630 /* Preview Assets.xcassets */,
			);
			path = "Preview Content";
			sourceTree = "<group>";
		};
		5885BAF3266D498700415630 /* Injected */ = {
			isa = PBXGroup;
			children = (
				5885BAEF266D496300415630 /* DIContainer.swift */,
				5885BAF1266D497900415630 /* AppState.swift */,
				5885BAF4266D49FA00415630 /* Store.swift */,
			);
			path = Injected;
			sourceTree = "<group>";
		};
/* End PBXGroup section */

/* Begin PBXNativeTarget section */
		5885BADC266D495200415630 /* CleanArchRouting */ = {
			isa = PBXNativeTarget;
			buildConfigurationList = 5885BAEC266D495500415630 /* Build configuration list for PBXNativeTarget "CleanArchRouting" */;
			buildPhases = (
				5885BAD9266D495200415630 /* Sources */,
				5885BADA266D495200415630 /* Frameworks */,
				5885BADB266D495200415630 /* Resources */,
			);
			buildRules = (
			);
			dependencies = (
			);
			name = CleanArchRouting;
			productName = CleanArchRouting;
			productReference = 5885BADD266D495200415630 /* CleanArchRouting.app */;
			productType = "com.apple.product-type.application";
		};
/* End PBXNativeTarget section */

/* Begin PBXProject section */
		5885BAD5266D495200415630 /* Project object */ = {
			isa = PBXProject;
			attributes = {
				LastSwiftUpdateCheck = 1250;
				LastUpgradeCheck = 1250;
				TargetAttributes = {
					5885BADC266D495200415630 = {
						CreatedOnToolsVersion = 12.5;
					};
				};
			};
			buildConfigurationList = 5885BAD8266D495200415630 /* Build configuration list for PBXProject "CleanArchRouting" */;
			compatibilityVersion = "Xcode 9.3";
			developmentRegion = en;
			hasScannedForEncodings = 0;
			knownRegions = (
				en,
				Base,
			);
			mainGroup = 5885BAD4266D495200415630;
			productRefGroup = 5885BADE266D495200415630 /* Products */;
			projectDirPath = "";
			projectRoot = "";
			targets = (
				5885BADC266D495200415630 /* CleanArchRouting */,
			);
		};
/* End PBXProject section */

/* Begin PBXResourcesBuildPhase section */
		5885BADB266D495200415630 /* Resources */ = {
			isa = PBXResourcesBuildPhase;
			buildActionMask = 2147483647;
			files = (
				5885BAE8266D495500415630 /* Preview Assets.xcassets in Resources */,
				5885BAE5266D495500415630 /* Assets.xcassets in Resources */,
			);
			runOnlyForDeploymentPostprocessing = 0;
		};
/* End PBXResourcesBuildPhase section */

/* Begin PBXSourcesBuildPhase section */
		5885BAD9266D495200415630 /* Sources */ = {
			isa = PBXSourcesBuildPhase;
			buildActionMask = 2147483647;
			files = (
				5885BAF5266D49FA00415630 /* Store.swift in Sources */,
				5885BAE3266D495200415630 /* ContentView.swift in Sources */,
				5885BAF0266D496300415630 /* DIContainer.swift in Sources */,
				5885BAE1266D495200415630 /* CleanArchRoutingApp.swift in Sources */,
				5885BAF2266D497900415630 /* AppState.swift in Sources */,
				5885BAF8266D4A9D00415630 /* DetailsView.swift in Sources */,
			);
			runOnlyForDeploymentPostprocessing = 0;
		};
/* End PBXSourcesBuildPhase section */

/* Begin XCBuildConfiguration section */
		5885BAEA266D495500415630 /* Debug */ = {
			isa = XCBuildConfiguration;
			buildSettings = {
				ALWAYS_SEARCH_USER_PATHS = NO;
				CLANG_ANALYZER_NONNULL = YES;
				CLANG_ANALYZER_NUMBER_OBJECT_CONVERSION = YES_AGGRESSIVE;
				CLANG_CXX_LANGUAGE_STANDARD = "gnu++14";
				CLANG_CXX_LIBRARY = "libc++";
				CLANG_ENABLE_MODULES = YES;
				CLANG_ENABLE_OBJC_ARC = YES;
				CLANG_ENABLE_OBJC_WEAK = YES;
				CLANG_WARN_BLOCK_CAPTURE_AUTORELEASING = YES;
				CLANG_WARN_BOOL_CONVERSION = YES;
				CLANG_WARN_COMMA = YES;
				CLANG_WARN_CONSTANT_CONVERSION = YES;
				CLANG_WARN_DEPRECATED_OBJC_IMPLEMENTATIONS = YES;
				CLANG_WARN_DIRECT_OBJC_ISA_USAGE = YES_ERROR;
				CLANG_WARN_DOCUMENTATION_COMMENTS = YES;
				CLANG_WARN_EMPTY_BODY = YES;
				CLANG_WARN_ENUM_CONVERSION = YES;
				CLANG_WARN_INFINITE_RECURSION = YES;
				CLANG_WARN_INT_CONVERSION = YES;
				CLANG_WARN_NON_LITERAL_NULL_CONVERSION = YES;
				CLANG_WARN_OBJC_IMPLICIT_RETAIN_SELF = YES;
				CLANG_WARN_OBJC_LITERAL_CONVERSION = YES;
				CLANG_WARN_OBJC_ROOT_CLASS = YES_ERROR;
				CLANG_WARN_QUOTED_INCLUDE_IN_FRAMEWORK_HEADER = YES;
				CLANG_WARN_RANGE_LOOP_ANALYSIS = YES;
				CLANG_WARN_STRICT_PROTOTYPES = YES;
				CLANG_WARN_SUSPICIOUS_MOVE = YES;
				CLANG_WARN_UNGUARDED_AVAILABILITY = YES_AGGRESSIVE;
				CLANG_WARN_UNREACHABLE_CODE = YES;
				CLANG_WARN__DUPLICATE_METHOD_MATCH = YES;
				COPY_PHASE_STRIP = NO;
				DEBUG_INFORMATION_FORMAT = dwarf;
				ENABLE_STRICT_OBJC_MSGSEND = YES;
				ENABLE_TESTABILITY = YES;
				GCC_C_LANGUAGE_STANDARD = gnu11;
				GCC_DYNAMIC_NO_PIC = NO;
				GCC_NO_COMMON_BLOCKS = YES;
				GCC_OPTIMIZATION_LEVEL = 0;
				GCC_PREPROCESSOR_DEFINITIONS = (
					"DEBUG=1",
					"$(inherited)",
				);
				GCC_WARN_64_TO_32_BIT_CONVERSION = YES;
				GCC_WARN_ABOUT_RETURN_TYPE = YES_ERROR;
				GCC_WARN_UNDECLARED_SELECTOR = YES;
				GCC_WARN_UNINITIALIZED_AUTOS = YES_AGGRESSIVE;
				GCC_WARN_UNUSED_FUNCTION = YES;
				GCC_WARN_UNUSED_VARIABLE = YES;
				IPHONEOS_DEPLOYMENT_TARGET = 14.5;
				MTL_ENABLE_DEBUG_INFO = INCLUDE_SOURCE;
				MTL_FAST_MATH = YES;
				ONLY_ACTIVE_ARCH = YES;
				SDKROOT = iphoneos;
				SWIFT_ACTIVE_COMPILATION_CONDITIONS = DEBUG;
				SWIFT_OPTIMIZATION_LEVEL = "-Onone";
			};
			name = Debug;
		};
		5885BAEB266D495500415630 /* Release */ = {
			isa = XCBuildConfiguration;
			buildSettings = {
				ALWAYS_SEARCH_USER_PATHS = NO;
				CLANG_ANALYZER_NONNULL = YES;
				CLANG_ANALYZER_NUMBER_OBJECT_CONVERSION = YES_AGGRESSIVE;
				CLANG_CXX_LANGUAGE_STANDARD = "gnu++14";
				CLANG_CXX_LIBRARY = "libc++";
				CLANG_ENABLE_MODULES = YES;
				CLANG_ENABLE_OBJC_ARC = YES;
				CLANG_ENABLE_OBJC_WEAK = YES;
				CLANG_WARN_BLOCK_CAPTURE_AUTORELEASING = YES;
				CLANG_WARN_BOOL_CONVERSION = YES;
				CLANG_WARN_COMMA = YES;
				CLANG_WARN_CONSTANT_CONVERSION = YES;
				CLANG_WARN_DEPRECATED_OBJC_IMPLEMENTATIONS = YES;
				CLANG_WARN_DIRECT_OBJC_ISA_USAGE = YES_ERROR;
				CLANG_WARN_DOCUMENTATION_COMMENTS = YES;
				CLANG_WARN_EMPTY_BODY = YES;
				CLANG_WARN_ENUM_CONVERSION = YES;
				CLANG_WARN_INFINITE_RECURSION = YES;
				CLANG_WARN_INT_CONVERSION = YES;
				CLANG_WARN_NON_LITERAL_NULL_CONVERSION = YES;
				CLANG_WARN_OBJC_IMPLICIT_RETAIN_SELF = YES;
				CLANG_WARN_OBJC_LITERAL_CONVERSION = YES;
				CLANG_WARN_OBJC_ROOT_CLASS = YES_ERROR;
				CLANG_WARN_QUOTED_INCLUDE_IN_FRAMEWORK_HEADER = YES;
				CLANG_WARN_RANGE_LOOP_ANALYSIS = YES;
				CLANG_WARN_STRICT_PROTOTYPES = YES;
				CLANG_WARN_SUSPICIOUS_MOVE = YES;
				CLANG_WARN_UNGUARDED_AVAILABILITY = YES_AGGRESSIVE;
				CLANG_WARN_UNREACHABLE_CODE = YES;
				CLANG_WARN__DUPLICATE_METHOD_MATCH = YES;
				COPY_PHASE_STRIP = NO;
				DEBUG_INFORMATION_FORMAT = "dwarf-with-dsym";
				ENABLE_NS_ASSERTIONS = NO;
				ENABLE_STRICT_OBJC_MSGSEND = YES;
				GCC_C_LANGUAGE_STANDARD = gnu11;
				GCC_NO_COMMON_BLOCKS = YES;
				GCC_WARN_64_TO_32_BIT_CONVERSION = YES;
				GCC_WARN_ABOUT_RETURN_TYPE = YES_ERROR;
				GCC_WARN_UNDECLARED_SELECTOR = YES;
				GCC_WARN_UNINITIALIZED_AUTOS = YES_AGGRESSIVE;
				GCC_WARN_UNUSED_FUNCTION = YES;
				GCC_WARN_UNUSED_VARIABLE = YES;
				IPHONEOS_DEPLOYMENT_TARGET = 14.5;
				MTL_ENABLE_DEBUG_INFO = NO;
				MTL_FAST_MATH = YES;
				SDKROOT = iphoneos;
				SWIFT_COMPILATION_MODE = wholemodule;
				SWIFT_OPTIMIZATION_LEVEL = "-O";
				VALIDATE_PRODUCT = YES;
			};
			name = Release;
		};
		5885BAED266D495500415630 /* Debug */ = {
			isa = XCBuildConfiguration;
			buildSettings = {
				ASSETCATALOG_COMPILER_APPICON_NAME = AppIcon;
				ASSETCATALOG_COMPILER_GLOBAL_ACCENT_COLOR_NAME = AccentColor;
				CODE_SIGN_STYLE = Automatic;
				DEVELOPMENT_ASSET_PATHS = "\"CleanArchRouting/Preview Content\"";
				DEVELOPMENT_TEAM = NHCCBHDFS2;
				ENABLE_PREVIEWS = YES;
				INFOPLIST_FILE = CleanArchRouting/Info.plist;
				IPHONEOS_DEPLOYMENT_TARGET = 14.0;
				LD_RUNPATH_SEARCH_PATHS = (
					"$(inherited)",
					"@executable_path/Frameworks",
				);
				PRODUCT_BUNDLE_IDENTIFIER = com.mkproducts.CleanArchRouting;
				PRODUCT_NAME = "$(TARGET_NAME)";
				SWIFT_VERSION = 5.0;
				TARGETED_DEVICE_FAMILY = "1,2";
			};
			name = Debug;
		};
		5885BAEE266D495500415630 /* Release */ = {
			isa = XCBuildConfiguration;
			buildSettings = {
				ASSETCATALOG_COMPILER_APPICON_NAME = AppIcon;
				ASSETCATALOG_COMPILER_GLOBAL_ACCENT_COLOR_NAME = AccentColor;
				CODE_SIGN_STYLE = Automatic;
				DEVELOPMENT_ASSET_PATHS = "\"CleanArchRouting/Preview Content\"";
				DEVELOPMENT_TEAM = NHCCBHDFS2;
				ENABLE_PREVIEWS = YES;
				INFOPLIST_FILE = CleanArchRouting/Info.plist;
				IPHONEOS_DEPLOYMENT_TARGET = 14.0;
				LD_RUNPATH_SEARCH_PATHS = (
					"$(inherited)",
					"@executable_path/Frameworks",
				);
				PRODUCT_BUNDLE_IDENTIFIER = com.mkproducts.CleanArchRouting;
				PRODUCT_NAME = "$(TARGET_NAME)";
				SWIFT_VERSION = 5.0;
				TARGETED_DEVICE_FAMILY = "1,2";
			};
			name = Release;
		};
/* End XCBuildConfiguration section */

/* Begin XCConfigurationList section */
		5885BAD8266D495200415630 /* Build configuration list for PBXProject "CleanArchRouting" */ = {
			isa = XCConfigurationList;
			buildConfigurations = (
				5885BAEA266D495500415630 /* Debug */,
				5885BAEB266D495500415630 /* Release */,
			);
			defaultConfigurationIsVisible = 0;
			defaultConfigurationName = Release;
		};
		5885BAEC266D495500415630 /* Build configuration list for PBXNativeTarget "CleanArchRouting" */ = {
			isa = XCConfigurationList;
			buildConfigurations = (
				5885BAED266D495500415630 /* Debug */,
				5885BAEE266D495500415630 /* Release */,
			);
			defaultConfigurationIsVisible = 0;
			defaultConfigurationName = Release;
		};
/* End XCConfigurationList section */
	};
	rootObject = 5885BAD5266D495200415630 /* Project object */;
}
